
Microsoft Visual Studio Solution File, Format Version 12.00
# Visual Studio Version 16
VisualStudioVersion = 16.0.30114.105
MinimumVisualStudioVersion = 10.0.40219.1
Project("{FAE04EC0-301F-11D3-BF4B-00C04F79EFBC}") = "Ignite2019", "Ignite2019\Ignite2019.csproj", "{6C451729-71F5-414F-96D3-6E8EE99F45C1}"
EndProject
Global
	GlobalSection(SolutionConfigurationPlatforms) = preSolution
		Debug|Any CPU = Debug|Any CPU
		Release|Any CPU = Release|Any CPU
	EndGlobalSection
	GlobalSection(ProjectConfigurationPlatforms) = postSolution
		{6C451729-71F5-414F-96D3-6E8EE99F45C1}.Debug|Any CPU.ActiveCfg = Debug|Any CPU
		{6C451729-71F5-414F-96D3-6E8EE99F45C1}.Debug|Any CPU.Build.0 = Debug|Any CPU
		{6C451729-71F5-414F-96D3-6E8EE99F45C1}.Release|Any CPU.ActiveCfg = Release|Any CPU
		{6C451729-71F5-414F-96D3-6E8EE99F45C1}.Release|Any CPU.Build.0 = Release|Any CPU
	EndGlobalSection
	GlobalSection(SolutionProperties) = preSolution
		HideSolutionNode = FALSE
	EndGlobalSection
	GlobalSection(ExtensibilityGlobals) = postSolution
		SolutionGuid = {F8AAA061-C413-4B29-B2FA-7CEDA9CED13A}
	EndGlobalSection
EndGlobal
